// !$*UTF8*$!
{
	archiveVersion = 1;
	classes = {
	};
	objectVersion = 52;
	objects = {

/* Begin PBXBuildFile section */
		4A37112726D3C30100B1C687 /* AppDelegate.swift in Sources */ = {isa = PBXBuildFile; fileRef = 4A37112626D3C30100B1C687 /* AppDelegate.swift */; };
		4A37112B26D3C30100B1C687 /* SearchController.swift in Sources */ = {isa = PBXBuildFile; fileRef = 4A37112A26D3C30100B1C687 /* SearchController.swift */; };
		4A37113026D3C30200B1C687 /* Assets.xcassets in Resources */ = {isa = PBXBuildFile; fileRef = 4A37112F26D3C30200B1C687 /* Assets.xcassets */; };
		4A37113326D3C30200B1C687 /* LaunchScreen.storyboard in Resources */ = {isa = PBXBuildFile; fileRef = 4A37113126D3C30200B1C687 /* LaunchScreen.storyboard */; };
		4A37114726D3CC0400B1C687 /* Nuke in Frameworks */ = {isa = PBXBuildFile; productRef = 4A37114626D3CC0400B1C687 /* Nuke */; };
		4A37114A26D3CC1C00B1C687 /* Alamofire in Frameworks */ = {isa = PBXBuildFile; productRef = 4A37114926D3CC1C00B1C687 /* Alamofire */; };
		4A37114D26D3CC2500B1C687 /* LBTATools in Frameworks */ = {isa = PBXBuildFile; productRef = 4A37114C26D3CC2500B1C687 /* LBTATools */; };
		4A37114F26D3CFC200B1C687 /* RootController.swift in Sources */ = {isa = PBXBuildFile; fileRef = 4A37114E26D3CFC200B1C687 /* RootController.swift */; };
		4A37115126D3E5CA00B1C687 /* MovieModel.swift in Sources */ = {isa = PBXBuildFile; fileRef = 4A37115026D3E5CA00B1C687 /* MovieModel.swift */; };
		4A37115326D3E64C00B1C687 /* SearchViewModel.swift in Sources */ = {isa = PBXBuildFile; fileRef = 4A37115226D3E64C00B1C687 /* SearchViewModel.swift */; };
		4A37115526D3E6A100B1C687 /* ErrorModel.swift in Sources */ = {isa = PBXBuildFile; fileRef = 4A37115426D3E6A100B1C687 /* ErrorModel.swift */; };
		4A37115726D3E77A00B1C687 /* APIService.swift in Sources */ = {isa = PBXBuildFile; fileRef = 4A37115626D3E77A00B1C687 /* APIService.swift */; };
		4A37115926D3E7C800B1C687 /* Endpoint.swift in Sources */ = {isa = PBXBuildFile; fileRef = 4A37115826D3E7C800B1C687 /* Endpoint.swift */; };
		4A37115B26D3E8BE00B1C687 /* PaginationModel.swift in Sources */ = {isa = PBXBuildFile; fileRef = 4A37115A26D3E8BE00B1C687 /* PaginationModel.swift */; };
		4A37115D26D3F0E600B1C687 /* MovieExtendedModel.swift in Sources */ = {isa = PBXBuildFile; fileRef = 4A37115C26D3F0E600B1C687 /* MovieExtendedModel.swift */; };
		4A37115F26D3F2E100B1C687 /* SearchItemCell.swift in Sources */ = {isa = PBXBuildFile; fileRef = 4A37115E26D3F2E100B1C687 /* SearchItemCell.swift */; };
		4A37116126D3F34D00B1C687 /* PosterView.swift in Sources */ = {isa = PBXBuildFile; fileRef = 4A37116026D3F34D00B1C687 /* PosterView.swift */; };
		4A37116326D3F70200B1C687 /* Sizing.swift in Sources */ = {isa = PBXBuildFile; fileRef = 4A37116226D3F70200B1C687 /* Sizing.swift */; };
		4A37116526D3F73400B1C687 /* Collection+Extension.swift in Sources */ = {isa = PBXBuildFile; fileRef = 4A37116426D3F73400B1C687 /* Collection+Extension.swift */; };
		4A85815026D3F956001F1785 /* UIView+Extension.swift in Sources */ = {isa = PBXBuildFile; fileRef = 4A85814F26D3F956001F1785 /* UIView+Extension.swift */; };
		4A85815226D3F986001F1785 /* UIImageView+Extension.swift in Sources */ = {isa = PBXBuildFile; fileRef = 4A85815126D3F986001F1785 /* UIImageView+Extension.swift */; };
		4A85815426D3F9AC001F1785 /* UIEdgeInsets+Extension.swift in Sources */ = {isa = PBXBuildFile; fileRef = 4A85815326D3F9AC001F1785 /* UIEdgeInsets+Extension.swift */; };
		4A85815826D3FAB5001F1785 /* Font.swift in Sources */ = {isa = PBXBuildFile; fileRef = 4A85815726D3FAB5001F1785 /* Font.swift */; };
		4A85815A26D3FAF7001F1785 /* Label.swift in Sources */ = {isa = PBXBuildFile; fileRef = 4A85815926D3FAF7001F1785 /* Label.swift */; };
		4A85815C26D3FB15001F1785 /* AttributedStringUtility.swift in Sources */ = {isa = PBXBuildFile; fileRef = 4A85815B26D3FB15001F1785 /* AttributedStringUtility.swift */; };
		4A85815E26D3FB2E001F1785 /* Color.swift in Sources */ = {isa = PBXBuildFile; fileRef = 4A85815D26D3FB2E001F1785 /* Color.swift */; };
		4A85816026D3FB6F001F1785 /* Text.swift in Sources */ = {isa = PBXBuildFile; fileRef = 4A85815F26D3FB6F001F1785 /* Text.swift */; };
		4A85816426D4014F001F1785 /* Colors.xcassets in Resources */ = {isa = PBXBuildFile; fileRef = 4A85816326D4014F001F1785 /* Colors.xcassets */; };
		4A85816A26D40295001F1785 /* MovieDetailController.swift in Sources */ = {isa = PBXBuildFile; fileRef = 4A85816926D40295001F1785 /* MovieDetailController.swift */; };
		4A85816C26D402A0001F1785 /* MovieDetailViewModel.swift in Sources */ = {isa = PBXBuildFile; fileRef = 4A85816B26D402A0001F1785 /* MovieDetailViewModel.swift */; };
		4A85816E26D40492001F1785 /* ActivityIndicatorView.swift in Sources */ = {isa = PBXBuildFile; fileRef = 4A85816D26D40492001F1785 /* ActivityIndicatorView.swift */; };
		4A85817026D404D2001F1785 /* InformingCell.swift in Sources */ = {isa = PBXBuildFile; fileRef = 4A85816F26D404D2001F1785 /* InformingCell.swift */; };
		4A85817226D40555001F1785 /* InformingState.swift in Sources */ = {isa = PBXBuildFile; fileRef = 4A85817126D40555001F1785 /* InformingState.swift */; };
		4A85817426D4057F001F1785 /* FooterCell.swift in Sources */ = {isa = PBXBuildFile; fileRef = 4A85817326D4057F001F1785 /* FooterCell.swift */; };
		4A85817826D440A4001F1785 /* AlertUtility.swift in Sources */ = {isa = PBXBuildFile; fileRef = 4A85817726D440A4001F1785 /* AlertUtility.swift */; };
		4A85817B26D44390001F1785 /* MovieDetailHeaderCell.swift in Sources */ = {isa = PBXBuildFile; fileRef = 4A85817A26D44390001F1785 /* MovieDetailHeaderCell.swift */; };
		4A85817D26D4460C001F1785 /* MovieDetailOverviewCell.swift in Sources */ = {isa = PBXBuildFile; fileRef = 4A85817C26D4460C001F1785 /* MovieDetailOverviewCell.swift */; };
		4A85818126D446B0001F1785 /* MovieDetailOverviewPropertyView.swift in Sources */ = {isa = PBXBuildFile; fileRef = 4A85818026D446B0001F1785 /* MovieDetailOverviewPropertyView.swift */; };
		4A85818926D447E6001F1785 /* EstimatedSizeUtility.swift in Sources */ = {isa = PBXBuildFile; fileRef = 4A85818826D447E6001F1785 /* EstimatedSizeUtility.swift */; };
		4A85818B26D44FF4001F1785 /* LogoImageView.swift in Sources */ = {isa = PBXBuildFile; fileRef = 4A85818A26D44FF4001F1785 /* LogoImageView.swift */; };
		4A85818E26D4574E001F1785 /* FirebaseAnalytics in Frameworks */ = {isa = PBXBuildFile; productRef = 4A85818D26D4574E001F1785 /* FirebaseAnalytics */; };
		4A85819026D4574E001F1785 /* FirebaseMessaging in Frameworks */ = {isa = PBXBuildFile; productRef = 4A85818F26D4574E001F1785 /* FirebaseMessaging */; };
		4A85819226D4589A001F1785 /* GoogleService-Info.plist in Resources */ = {isa = PBXBuildFile; fileRef = 4A85819126D4589A001F1785 /* GoogleService-Info.plist */; };
/* End PBXBuildFile section */

/* Begin PBXFileReference section */
		4A37112326D3C30100B1C687 /* PinsoftAssignmentApp.app */ = {isa = PBXFileReference; explicitFileType = wrapper.application; includeInIndex = 0; path = PinsoftAssignmentApp.app; sourceTree = BUILT_PRODUCTS_DIR; };
		4A37112626D3C30100B1C687 /* AppDelegate.swift */ = {isa = PBXFileReference; lastKnownFileType = sourcecode.swift; path = AppDelegate.swift; sourceTree = "<group>"; };
		4A37112A26D3C30100B1C687 /* SearchController.swift */ = {isa = PBXFileReference; lastKnownFileType = sourcecode.swift; path = SearchController.swift; sourceTree = "<group>"; };
		4A37112F26D3C30200B1C687 /* Assets.xcassets */ = {isa = PBXFileReference; lastKnownFileType = folder.assetcatalog; path = Assets.xcassets; sourceTree = "<group>"; };
		4A37113226D3C30200B1C687 /* Base */ = {isa = PBXFileReference; lastKnownFileType = file.storyboard; name = Base; path = Base.lproj/LaunchScreen.storyboard; sourceTree = "<group>"; };
		4A37113426D3C30200B1C687 /* Info.plist */ = {isa = PBXFileReference; lastKnownFileType = text.plist.xml; path = Info.plist; sourceTree = "<group>"; };
		4A37114E26D3CFC200B1C687 /* RootController.swift */ = {isa = PBXFileReference; lastKnownFileType = sourcecode.swift; path = RootController.swift; sourceTree = "<group>"; };
		4A37115026D3E5CA00B1C687 /* MovieModel.swift */ = {isa = PBXFileReference; lastKnownFileType = sourcecode.swift; path = MovieModel.swift; sourceTree = "<group>"; };
		4A37115226D3E64C00B1C687 /* SearchViewModel.swift */ = {isa = PBXFileReference; lastKnownFileType = sourcecode.swift; path = SearchViewModel.swift; sourceTree = "<group>"; };
		4A37115426D3E6A100B1C687 /* ErrorModel.swift */ = {isa = PBXFileReference; lastKnownFileType = sourcecode.swift; path = ErrorModel.swift; sourceTree = "<group>"; };
		4A37115626D3E77A00B1C687 /* APIService.swift */ = {isa = PBXFileReference; lastKnownFileType = sourcecode.swift; path = APIService.swift; sourceTree = "<group>"; };
		4A37115826D3E7C800B1C687 /* Endpoint.swift */ = {isa = PBXFileReference; lastKnownFileType = sourcecode.swift; path = Endpoint.swift; sourceTree = "<group>"; };
		4A37115A26D3E8BE00B1C687 /* PaginationModel.swift */ = {isa = PBXFileReference; lastKnownFileType = sourcecode.swift; path = PaginationModel.swift; sourceTree = "<group>"; };
		4A37115C26D3F0E600B1C687 /* MovieExtendedModel.swift */ = {isa = PBXFileReference; lastKnownFileType = sourcecode.swift; path = MovieExtendedModel.swift; sourceTree = "<group>"; };
		4A37115E26D3F2E100B1C687 /* SearchItemCell.swift */ = {isa = PBXFileReference; lastKnownFileType = sourcecode.swift; path = SearchItemCell.swift; sourceTree = "<group>"; };
		4A37116026D3F34D00B1C687 /* PosterView.swift */ = {isa = PBXFileReference; lastKnownFileType = sourcecode.swift; path = PosterView.swift; sourceTree = "<group>"; };
		4A37116226D3F70200B1C687 /* Sizing.swift */ = {isa = PBXFileReference; lastKnownFileType = sourcecode.swift; path = Sizing.swift; sourceTree = "<group>"; };
		4A37116426D3F73400B1C687 /* Collection+Extension.swift */ = {isa = PBXFileReference; lastKnownFileType = sourcecode.swift; path = "Collection+Extension.swift"; sourceTree = "<group>"; };
		4A85814F26D3F956001F1785 /* UIView+Extension.swift */ = {isa = PBXFileReference; lastKnownFileType = sourcecode.swift; path = "UIView+Extension.swift"; sourceTree = "<group>"; };
		4A85815126D3F986001F1785 /* UIImageView+Extension.swift */ = {isa = PBXFileReference; lastKnownFileType = sourcecode.swift; path = "UIImageView+Extension.swift"; sourceTree = "<group>"; };
		4A85815326D3F9AC001F1785 /* UIEdgeInsets+Extension.swift */ = {isa = PBXFileReference; lastKnownFileType = sourcecode.swift; path = "UIEdgeInsets+Extension.swift"; sourceTree = "<group>"; };
		4A85815726D3FAB5001F1785 /* Font.swift */ = {isa = PBXFileReference; lastKnownFileType = sourcecode.swift; path = Font.swift; sourceTree = "<group>"; };
		4A85815926D3FAF7001F1785 /* Label.swift */ = {isa = PBXFileReference; lastKnownFileType = sourcecode.swift; path = Label.swift; sourceTree = "<group>"; };
		4A85815B26D3FB15001F1785 /* AttributedStringUtility.swift */ = {isa = PBXFileReference; lastKnownFileType = sourcecode.swift; path = AttributedStringUtility.swift; sourceTree = "<group>"; };
		4A85815D26D3FB2E001F1785 /* Color.swift */ = {isa = PBXFileReference; lastKnownFileType = sourcecode.swift; path = Color.swift; sourceTree = "<group>"; };
		4A85815F26D3FB6F001F1785 /* Text.swift */ = {isa = PBXFileReference; lastKnownFileType = sourcecode.swift; path = Text.swift; sourceTree = "<group>"; };
		4A85816326D4014F001F1785 /* Colors.xcassets */ = {isa = PBXFileReference; lastKnownFileType = folder.assetcatalog; path = Colors.xcassets; sourceTree = "<group>"; };
		4A85816926D40295001F1785 /* MovieDetailController.swift */ = {isa = PBXFileReference; lastKnownFileType = sourcecode.swift; path = MovieDetailController.swift; sourceTree = "<group>"; };
		4A85816B26D402A0001F1785 /* MovieDetailViewModel.swift */ = {isa = PBXFileReference; lastKnownFileType = sourcecode.swift; path = MovieDetailViewModel.swift; sourceTree = "<group>"; };
		4A85816D26D40492001F1785 /* ActivityIndicatorView.swift */ = {isa = PBXFileReference; lastKnownFileType = sourcecode.swift; path = ActivityIndicatorView.swift; sourceTree = "<group>"; };
		4A85816F26D404D2001F1785 /* InformingCell.swift */ = {isa = PBXFileReference; lastKnownFileType = sourcecode.swift; path = InformingCell.swift; sourceTree = "<group>"; };
		4A85817126D40555001F1785 /* InformingState.swift */ = {isa = PBXFileReference; lastKnownFileType = sourcecode.swift; path = InformingState.swift; sourceTree = "<group>"; };
		4A85817326D4057F001F1785 /* FooterCell.swift */ = {isa = PBXFileReference; lastKnownFileType = sourcecode.swift; path = FooterCell.swift; sourceTree = "<group>"; };
		4A85817726D440A4001F1785 /* AlertUtility.swift */ = {isa = PBXFileReference; lastKnownFileType = sourcecode.swift; path = AlertUtility.swift; sourceTree = "<group>"; };
		4A85817A26D44390001F1785 /* MovieDetailHeaderCell.swift */ = {isa = PBXFileReference; lastKnownFileType = sourcecode.swift; path = MovieDetailHeaderCell.swift; sourceTree = "<group>"; };
		4A85817C26D4460C001F1785 /* MovieDetailOverviewCell.swift */ = {isa = PBXFileReference; lastKnownFileType = sourcecode.swift; path = MovieDetailOverviewCell.swift; sourceTree = "<group>"; };
		4A85818026D446B0001F1785 /* MovieDetailOverviewPropertyView.swift */ = {isa = PBXFileReference; lastKnownFileType = sourcecode.swift; path = MovieDetailOverviewPropertyView.swift; sourceTree = "<group>"; };
		4A85818826D447E6001F1785 /* EstimatedSizeUtility.swift */ = {isa = PBXFileReference; lastKnownFileType = sourcecode.swift; path = EstimatedSizeUtility.swift; sourceTree = "<group>"; };
		4A85818A26D44FF4001F1785 /* LogoImageView.swift */ = {isa = PBXFileReference; lastKnownFileType = sourcecode.swift; path = LogoImageView.swift; sourceTree = "<group>"; };
		4A85819126D4589A001F1785 /* GoogleService-Info.plist */ = {isa = PBXFileReference; fileEncoding = 4; lastKnownFileType = text.plist.xml; path = "GoogleService-Info.plist"; sourceTree = "<group>"; };
		4A8FFAFD26D45ECF0082BDE8 /* PinsoftAssignmentApp.entitlements */ = {isa = PBXFileReference; lastKnownFileType = text.plist.entitlements; path = PinsoftAssignmentApp.entitlements; sourceTree = "<group>"; };
/* End PBXFileReference section */

/* Begin PBXFrameworksBuildPhase section */
		4A37112026D3C30100B1C687 /* Frameworks */ = {
			isa = PBXFrameworksBuildPhase;
			buildActionMask = 2147483647;
			files = (
				4A37114726D3CC0400B1C687 /* Nuke in Frameworks */,
				4A37114D26D3CC2500B1C687 /* LBTATools in Frameworks */,
				4A85819026D4574E001F1785 /* FirebaseMessaging in Frameworks */,
				4A85818E26D4574E001F1785 /* FirebaseAnalytics in Frameworks */,
				4A37114A26D3CC1C00B1C687 /* Alamofire in Frameworks */,
			);
			runOnlyForDeploymentPostprocessing = 0;
		};
/* End PBXFrameworksBuildPhase section */

/* Begin PBXGroup section */
		4A37111A26D3C30100B1C687 = {
			isa = PBXGroup;
			children = (
				4A37112526D3C30100B1C687 /* PinsoftAssignmentApp */,
				4A37112426D3C30100B1C687 /* Products */,
			);
			sourceTree = "<group>";
		};
		4A37112426D3C30100B1C687 /* Products */ = {
			isa = PBXGroup;
			children = (
				4A37112326D3C30100B1C687 /* PinsoftAssignmentApp.app */,
			);
			name = Products;
			sourceTree = "<group>";
		};
		4A37112526D3C30100B1C687 /* PinsoftAssignmentApp */ = {
			isa = PBXGroup;
			children = (
				4A37113A26D3C60D00B1C687 /* targetsSupportFiles */,
				4A37113B26D3C62300B1C687 /* sources */,
				4A37113C26D3C63100B1C687 /* resources */,
			);
			path = PinsoftAssignmentApp;
			sourceTree = "<group>";
		};
		4A37113A26D3C60D00B1C687 /* targetsSupportFiles */ = {
			isa = PBXGroup;
			children = (
				4A37113426D3C30200B1C687 /* Info.plist */,
				4A85819126D4589A001F1785 /* GoogleService-Info.plist */,
				4A8FFAFD26D45ECF0082BDE8 /* PinsoftAssignmentApp.entitlements */,
			);
			path = targetsSupportFiles;
			sourceTree = "<group>";
		};
		4A37113B26D3C62300B1C687 /* sources */ = {
			isa = PBXGroup;
			children = (
				4A37112626D3C30100B1C687 /* AppDelegate.swift */,
				4A37114426D3CAF400B1C687 /* network */,
				4A37114326D3CAE800B1C687 /* models */,
				4A37114226D3CAE100B1C687 /* views */,
				4A37114126D3CAD300B1C687 /* viewModels */,
				4A37114026D3CACC00B1C687 /* controllers */,
				4A37113F26D3CAC300B1C687 /* helpers */,
			);
			path = sources;
			sourceTree = "<group>";
		};
		4A37113C26D3C63100B1C687 /* resources */ = {
			isa = PBXGroup;
			children = (
				4A37112F26D3C30200B1C687 /* Assets.xcassets */,
				4A37113126D3C30200B1C687 /* LaunchScreen.storyboard */,
				4A85816326D4014F001F1785 /* Colors.xcassets */,
			);
			path = resources;
			sourceTree = "<group>";
		};
		4A37113F26D3CAC300B1C687 /* helpers */ = {
			isa = PBXGroup;
			children = (
				4A37116226D3F70200B1C687 /* Sizing.swift */,
				4A85815B26D3FB15001F1785 /* AttributedStringUtility.swift */,
				4A85817726D440A4001F1785 /* AlertUtility.swift */,
				4A85817926D44167001F1785 /* extensions */,
				4A85818826D447E6001F1785 /* EstimatedSizeUtility.swift */,
			);
			path = helpers;
			sourceTree = "<group>";
		};
		4A37114026D3CACC00B1C687 /* controllers */ = {
			isa = PBXGroup;
			children = (
				4A37114E26D3CFC200B1C687 /* RootController.swift */,
				4A37112A26D3C30100B1C687 /* SearchController.swift */,
				4A85816926D40295001F1785 /* MovieDetailController.swift */,
			);
			path = controllers;
			sourceTree = "<group>";
		};
		4A37114126D3CAD300B1C687 /* viewModels */ = {
			isa = PBXGroup;
			children = (
				4A37115226D3E64C00B1C687 /* SearchViewModel.swift */,
				4A85816B26D402A0001F1785 /* MovieDetailViewModel.swift */,
			);
			path = viewModels;
			sourceTree = "<group>";
		};
		4A37114226D3CAE100B1C687 /* views */ = {
			isa = PBXGroup;
			children = (
				4A85817526D405A1001F1785 /* shared */,
				4A85817626D405A6001F1785 /* cells */,
			);
			path = views;
			sourceTree = "<group>";
		};
		4A37114326D3CAE800B1C687 /* models */ = {
			isa = PBXGroup;
			children = (
				4A85815626D3FAA0001F1785 /* API */,
				4A85815526D3FA99001F1785 /* UI */,
			);
			path = models;
			sourceTree = "<group>";
		};
		4A37114426D3CAF400B1C687 /* network */ = {
			isa = PBXGroup;
			children = (
				4A37115626D3E77A00B1C687 /* APIService.swift */,
				4A37115826D3E7C800B1C687 /* Endpoint.swift */,
			);
			path = network;
			sourceTree = "<group>";
		};
		4A85815526D3FA99001F1785 /* UI */ = {
			isa = PBXGroup;
			children = (
				4A85815726D3FAB5001F1785 /* Font.swift */,
				4A85815D26D3FB2E001F1785 /* Color.swift */,
				4A85815F26D3FB6F001F1785 /* Text.swift */,
				4A85817126D40555001F1785 /* InformingState.swift */,
			);
			path = UI;
			sourceTree = "<group>";
		};
		4A85815626D3FAA0001F1785 /* API */ = {
			isa = PBXGroup;
			children = (
				4A37115A26D3E8BE00B1C687 /* PaginationModel.swift */,
				4A37115026D3E5CA00B1C687 /* MovieModel.swift */,
				4A37115C26D3F0E600B1C687 /* MovieExtendedModel.swift */,
				4A37115426D3E6A100B1C687 /* ErrorModel.swift */,
			);
			path = API;
			sourceTree = "<group>";
		};
		4A85817526D405A1001F1785 /* shared */ = {
			isa = PBXGroup;
			children = (
				4A85815926D3FAF7001F1785 /* Label.swift */,
				4A85816D26D40492001F1785 /* ActivityIndicatorView.swift */,
				4A37116026D3F34D00B1C687 /* PosterView.swift */,
				4A85818A26D44FF4001F1785 /* LogoImageView.swift */,
			);
			path = shared;
			sourceTree = "<group>";
		};
		4A85817626D405A6001F1785 /* cells */ = {
			isa = PBXGroup;
			children = (
				4A37115E26D3F2E100B1C687 /* SearchItemCell.swift */,
				4A85817326D4057F001F1785 /* FooterCell.swift */,
				4A85816F26D404D2001F1785 /* InformingCell.swift */,
				4A85817A26D44390001F1785 /* MovieDetailHeaderCell.swift */,
				4A85817C26D4460C001F1785 /* MovieDetailOverviewCell.swift */,
				4A85818026D446B0001F1785 /* MovieDetailOverviewPropertyView.swift */,
			);
			path = cells;
			sourceTree = "<group>";
		};
		4A85817926D44167001F1785 /* extensions */ = {
			isa = PBXGroup;
			children = (
				4A37116426D3F73400B1C687 /* Collection+Extension.swift */,
				4A85814F26D3F956001F1785 /* UIView+Extension.swift */,
				4A85815126D3F986001F1785 /* UIImageView+Extension.swift */,
				4A85815326D3F9AC001F1785 /* UIEdgeInsets+Extension.swift */,
			);
			path = extensions;
			sourceTree = "<group>";
		};
/* End PBXGroup section */

/* Begin PBXNativeTarget section */
		4A37112226D3C30100B1C687 /* PinsoftAssignmentApp */ = {
			isa = PBXNativeTarget;
			buildConfigurationList = 4A37113726D3C30200B1C687 /* Build configuration list for PBXNativeTarget "PinsoftAssignmentApp" */;
			buildPhases = (
				4A37111F26D3C30100B1C687 /* Sources */,
				4A37112026D3C30100B1C687 /* Frameworks */,
				4A37112126D3C30100B1C687 /* Resources */,
			);
			buildRules = (
			);
			dependencies = (
			);
			name = PinsoftAssignmentApp;
			packageProductDependencies = (
				4A37114626D3CC0400B1C687 /* Nuke */,
				4A37114926D3CC1C00B1C687 /* Alamofire */,
				4A37114C26D3CC2500B1C687 /* LBTATools */,
				4A85818D26D4574E001F1785 /* FirebaseAnalytics */,
				4A85818F26D4574E001F1785 /* FirebaseMessaging */,
			);
			productName = PinsoftAssignmentApp;
			productReference = 4A37112326D3C30100B1C687 /* PinsoftAssignmentApp.app */;
			productType = "com.apple.product-type.application";
		};
/* End PBXNativeTarget section */

/* Begin PBXProject section */
		4A37111B26D3C30100B1C687 /* Project object */ = {
			isa = PBXProject;
			attributes = {
				LastSwiftUpdateCheck = 1250;
				LastUpgradeCheck = 1250;
				TargetAttributes = {
					4A37112226D3C30100B1C687 = {
						CreatedOnToolsVersion = 12.5.1;
					};
				};
			};
			buildConfigurationList = 4A37111E26D3C30100B1C687 /* Build configuration list for PBXProject "PinsoftAssignmentApp" */;
			compatibilityVersion = "Xcode 9.3";
			developmentRegion = en;
			hasScannedForEncodings = 0;
			knownRegions = (
				en,
				Base,
			);
			mainGroup = 4A37111A26D3C30100B1C687;
			packageReferences = (
				4A37114526D3CC0400B1C687 /* XCRemoteSwiftPackageReference "Nuke" */,
				4A37114826D3CC1C00B1C687 /* XCRemoteSwiftPackageReference "Alamofire" */,
				4A37114B26D3CC2500B1C687 /* XCRemoteSwiftPackageReference "LBTATools" */,
				4A85818C26D4574E001F1785 /* XCRemoteSwiftPackageReference "firebase-ios-sdk" */,
			);
			productRefGroup = 4A37112426D3C30100B1C687 /* Products */;
			projectDirPath = "";
			projectRoot = "";
			targets = (
				4A37112226D3C30100B1C687 /* PinsoftAssignmentApp */,
			);
		};
/* End PBXProject section */

/* Begin PBXResourcesBuildPhase section */
		4A37112126D3C30100B1C687 /* Resources */ = {
			isa = PBXResourcesBuildPhase;
			buildActionMask = 2147483647;
			files = (
				4A85816426D4014F001F1785 /* Colors.xcassets in Resources */,
				4A85819226D4589A001F1785 /* GoogleService-Info.plist in Resources */,
				4A37113326D3C30200B1C687 /* LaunchScreen.storyboard in Resources */,
				4A37113026D3C30200B1C687 /* Assets.xcassets in Resources */,
			);
			runOnlyForDeploymentPostprocessing = 0;
		};
/* End PBXResourcesBuildPhase section */

/* Begin PBXSourcesBuildPhase section */
		4A37111F26D3C30100B1C687 /* Sources */ = {
			isa = PBXSourcesBuildPhase;
			buildActionMask = 2147483647;
			files = (
				4A37115526D3E6A100B1C687 /* ErrorModel.swift in Sources */,
				4A37116526D3F73400B1C687 /* Collection+Extension.swift in Sources */,
				4A85815E26D3FB2E001F1785 /* Color.swift in Sources */,
				4A85817D26D4460C001F1785 /* MovieDetailOverviewCell.swift in Sources */,
				4A85815426D3F9AC001F1785 /* UIEdgeInsets+Extension.swift in Sources */,
				4A37116126D3F34D00B1C687 /* PosterView.swift in Sources */,
				4A85815026D3F956001F1785 /* UIView+Extension.swift in Sources */,
				4A37115726D3E77A00B1C687 /* APIService.swift in Sources */,
				4A37115926D3E7C800B1C687 /* Endpoint.swift in Sources */,
				4A37115F26D3F2E100B1C687 /* SearchItemCell.swift in Sources */,
				4A37115126D3E5CA00B1C687 /* MovieModel.swift in Sources */,
				4A85817426D4057F001F1785 /* FooterCell.swift in Sources */,
				4A85815A26D3FAF7001F1785 /* Label.swift in Sources */,
				4A37115B26D3E8BE00B1C687 /* PaginationModel.swift in Sources */,
				4A37115326D3E64C00B1C687 /* SearchViewModel.swift in Sources */,
				4A85818926D447E6001F1785 /* EstimatedSizeUtility.swift in Sources */,
				4A85815226D3F986001F1785 /* UIImageView+Extension.swift in Sources */,
				4A85818B26D44FF4001F1785 /* LogoImageView.swift in Sources */,
				4A37116326D3F70200B1C687 /* Sizing.swift in Sources */,
				4A85817B26D44390001F1785 /* MovieDetailHeaderCell.swift in Sources */,
				4A85817826D440A4001F1785 /* AlertUtility.swift in Sources */,
				4A37112B26D3C30100B1C687 /* SearchController.swift in Sources */,
				4A85816E26D40492001F1785 /* ActivityIndicatorView.swift in Sources */,
				4A85815826D3FAB5001F1785 /* Font.swift in Sources */,
				4A85816A26D40295001F1785 /* MovieDetailController.swift in Sources */,
				4A85817226D40555001F1785 /* InformingState.swift in Sources */,
				4A37112726D3C30100B1C687 /* AppDelegate.swift in Sources */,
				4A37114F26D3CFC200B1C687 /* RootController.swift in Sources */,
				4A85816C26D402A0001F1785 /* MovieDetailViewModel.swift in Sources */,
				4A37115D26D3F0E600B1C687 /* MovieExtendedModel.swift in Sources */,
				4A85816026D3FB6F001F1785 /* Text.swift in Sources */,
				4A85818126D446B0001F1785 /* MovieDetailOverviewPropertyView.swift in Sources */,
				4A85815C26D3FB15001F1785 /* AttributedStringUtility.swift in Sources */,
				4A85817026D404D2001F1785 /* InformingCell.swift in Sources */,
			);
			runOnlyForDeploymentPostprocessing = 0;
		};
/* End PBXSourcesBuildPhase section */

/* Begin PBXVariantGroup section */
		4A37113126D3C30200B1C687 /* LaunchScreen.storyboard */ = {
			isa = PBXVariantGroup;
			children = (
				4A37113226D3C30200B1C687 /* Base */,
			);
			name = LaunchScreen.storyboard;
			sourceTree = "<group>";
		};
/* End PBXVariantGroup section */

/* Begin XCBuildConfiguration section */
		4A37113526D3C30200B1C687 /* Debug */ = {
			isa = XCBuildConfiguration;
			buildSettings = {
				ALWAYS_SEARCH_USER_PATHS = NO;
				CLANG_ANALYZER_NONNULL = YES;
				CLANG_ANALYZER_NUMBER_OBJECT_CONVERSION = YES_AGGRESSIVE;
				CLANG_CXX_LANGUAGE_STANDARD = "gnu++14";
				CLANG_CXX_LIBRARY = "libc++";
				CLANG_ENABLE_MODULES = YES;
				CLANG_ENABLE_OBJC_ARC = YES;
				CLANG_ENABLE_OBJC_WEAK = YES;
				CLANG_WARN_BLOCK_CAPTURE_AUTORELEASING = YES;
				CLANG_WARN_BOOL_CONVERSION = YES;
				CLANG_WARN_COMMA = YES;
				CLANG_WARN_CONSTANT_CONVERSION = YES;
				CLANG_WARN_DEPRECATED_OBJC_IMPLEMENTATIONS = YES;
				CLANG_WARN_DIRECT_OBJC_ISA_USAGE = YES_ERROR;
				CLANG_WARN_DOCUMENTATION_COMMENTS = YES;
				CLANG_WARN_EMPTY_BODY = YES;
				CLANG_WARN_ENUM_CONVERSION = YES;
				CLANG_WARN_INFINITE_RECURSION = YES;
				CLANG_WARN_INT_CONVERSION = YES;
				CLANG_WARN_NON_LITERAL_NULL_CONVERSION = YES;
				CLANG_WARN_OBJC_IMPLICIT_RETAIN_SELF = YES;
				CLANG_WARN_OBJC_LITERAL_CONVERSION = YES;
				CLANG_WARN_OBJC_ROOT_CLASS = YES_ERROR;
				CLANG_WARN_QUOTED_INCLUDE_IN_FRAMEWORK_HEADER = YES;
				CLANG_WARN_RANGE_LOOP_ANALYSIS = YES;
				CLANG_WARN_STRICT_PROTOTYPES = YES;
				CLANG_WARN_SUSPICIOUS_MOVE = YES;
				CLANG_WARN_UNGUARDED_AVAILABILITY = YES_AGGRESSIVE;
				CLANG_WARN_UNREACHABLE_CODE = YES;
				CLANG_WARN__DUPLICATE_METHOD_MATCH = YES;
				COPY_PHASE_STRIP = NO;
				DEBUG_INFORMATION_FORMAT = dwarf;
				ENABLE_STRICT_OBJC_MSGSEND = YES;
				ENABLE_TESTABILITY = YES;
				GCC_C_LANGUAGE_STANDARD = gnu11;
				GCC_DYNAMIC_NO_PIC = NO;
				GCC_NO_COMMON_BLOCKS = YES;
				GCC_OPTIMIZATION_LEVEL = 0;
				GCC_PREPROCESSOR_DEFINITIONS = (
					"DEBUG=1",
					"$(inherited)",
				);
				GCC_WARN_64_TO_32_BIT_CONVERSION = YES;
				GCC_WARN_ABOUT_RETURN_TYPE = YES_ERROR;
				GCC_WARN_UNDECLARED_SELECTOR = YES;
				GCC_WARN_UNINITIALIZED_AUTOS = YES_AGGRESSIVE;
				GCC_WARN_UNUSED_FUNCTION = YES;
				GCC_WARN_UNUSED_VARIABLE = YES;
				IPHONEOS_DEPLOYMENT_TARGET = 11.0;
				MTL_ENABLE_DEBUG_INFO = INCLUDE_SOURCE;
				MTL_FAST_MATH = YES;
				ONLY_ACTIVE_ARCH = YES;
				SDKROOT = iphoneos;
				SWIFT_ACTIVE_COMPILATION_CONDITIONS = DEBUG;
				SWIFT_OPTIMIZATION_LEVEL = "-Onone";
			};
			name = Debug;
		};
		4A37113626D3C30200B1C687 /* Release */ = {
			isa = XCBuildConfiguration;
			buildSettings = {
				ALWAYS_SEARCH_USER_PATHS = NO;
				CLANG_ANALYZER_NONNULL = YES;
				CLANG_ANALYZER_NUMBER_OBJECT_CONVERSION = YES_AGGRESSIVE;
				CLANG_CXX_LANGUAGE_STANDARD = "gnu++14";
				CLANG_CXX_LIBRARY = "libc++";
				CLANG_ENABLE_MODULES = YES;
				CLANG_ENABLE_OBJC_ARC = YES;
				CLANG_ENABLE_OBJC_WEAK = YES;
				CLANG_WARN_BLOCK_CAPTURE_AUTORELEASING = YES;
				CLANG_WARN_BOOL_CONVERSION = YES;
				CLANG_WARN_COMMA = YES;
				CLANG_WARN_CONSTANT_CONVERSION = YES;
				CLANG_WARN_DEPRECATED_OBJC_IMPLEMENTATIONS = YES;
				CLANG_WARN_DIRECT_OBJC_ISA_USAGE = YES_ERROR;
				CLANG_WARN_DOCUMENTATION_COMMENTS = YES;
				CLANG_WARN_EMPTY_BODY = YES;
				CLANG_WARN_ENUM_CONVERSION = YES;
				CLANG_WARN_INFINITE_RECURSION = YES;
				CLANG_WARN_INT_CONVERSION = YES;
				CLANG_WARN_NON_LITERAL_NULL_CONVERSION = YES;
				CLANG_WARN_OBJC_IMPLICIT_RETAIN_SELF = YES;
				CLANG_WARN_OBJC_LITERAL_CONVERSION = YES;
				CLANG_WARN_OBJC_ROOT_CLASS = YES_ERROR;
				CLANG_WARN_QUOTED_INCLUDE_IN_FRAMEWORK_HEADER = YES;
				CLANG_WARN_RANGE_LOOP_ANALYSIS = YES;
				CLANG_WARN_STRICT_PROTOTYPES = YES;
				CLANG_WARN_SUSPICIOUS_MOVE = YES;
				CLANG_WARN_UNGUARDED_AVAILABILITY = YES_AGGRESSIVE;
				CLANG_WARN_UNREACHABLE_CODE = YES;
				CLANG_WARN__DUPLICATE_METHOD_MATCH = YES;
				COPY_PHASE_STRIP = NO;
				DEBUG_INFORMATION_FORMAT = "dwarf-with-dsym";
				ENABLE_NS_ASSERTIONS = NO;
				ENABLE_STRICT_OBJC_MSGSEND = YES;
				GCC_C_LANGUAGE_STANDARD = gnu11;
				GCC_NO_COMMON_BLOCKS = YES;
				GCC_WARN_64_TO_32_BIT_CONVERSION = YES;
				GCC_WARN_ABOUT_RETURN_TYPE = YES_ERROR;
				GCC_WARN_UNDECLARED_SELECTOR = YES;
				GCC_WARN_UNINITIALIZED_AUTOS = YES_AGGRESSIVE;
				GCC_WARN_UNUSED_FUNCTION = YES;
				GCC_WARN_UNUSED_VARIABLE = YES;
				IPHONEOS_DEPLOYMENT_TARGET = 11.0;
				MTL_ENABLE_DEBUG_INFO = NO;
				MTL_FAST_MATH = YES;
				SDKROOT = iphoneos;
				SWIFT_COMPILATION_MODE = wholemodule;
				SWIFT_OPTIMIZATION_LEVEL = "-O";
				VALIDATE_PRODUCT = YES;
			};
			name = Release;
		};
		4A37113826D3C30200B1C687 /* Debug */ = {
			isa = XCBuildConfiguration;
			buildSettings = {
				ASSETCATALOG_COMPILER_APPICON_NAME = AppIcon;
				ASSETCATALOG_COMPILER_GLOBAL_ACCENT_COLOR_NAME = AccentColor;
				CODE_SIGN_ENTITLEMENTS = PinsoftAssignmentApp/targetsSupportFiles/PinsoftAssignmentApp.entitlements;
				CODE_SIGN_STYLE = Automatic;
				DEVELOPMENT_TEAM = 4K634X2CUP;
				INFOPLIST_FILE = PinsoftAssignmentApp/targetsSupportFiles/Info.plist;
				IPHONEOS_DEPLOYMENT_TARGET = 11.0;
				LD_RUNPATH_SEARCH_PATHS = (
					"$(inherited)",
					"@executable_path/Frameworks",
				);
				OTHER_LDFLAGS = "-ObjC";
				PRODUCT_BUNDLE_IDENTIFIER = com.sereisoglu.PinsoftAssignmentApp;
				PRODUCT_NAME = "$(TARGET_NAME)";
				SWIFT_VERSION = 5.0;
				TARGETED_DEVICE_FAMILY = 1;
			};
			name = Debug;
		};
		4A37113926D3C30200B1C687 /* Release */ = {
			isa = XCBuildConfiguration;
			buildSettings = {
				ASSETCATALOG_COMPILER_APPICON_NAME = AppIcon;
				ASSETCATALOG_COMPILER_GLOBAL_ACCENT_COLOR_NAME = AccentColor;
				CODE_SIGN_ENTITLEMENTS = PinsoftAssignmentApp/targetsSupportFiles/PinsoftAssignmentApp.entitlements;
				CODE_SIGN_STYLE = Automatic;
				DEVELOPMENT_TEAM = 4K634X2CUP;
				INFOPLIST_FILE = PinsoftAssignmentApp/targetsSupportFiles/Info.plist;
				IPHONEOS_DEPLOYMENT_TARGET = 11.0;
				LD_RUNPATH_SEARCH_PATHS = (
					"$(inherited)",
					"@executable_path/Frameworks",
				);
				OTHER_LDFLAGS = "-ObjC";
				PRODUCT_BUNDLE_IDENTIFIER = com.sereisoglu.PinsoftAssignmentApp;
				PRODUCT_NAME = "$(TARGET_NAME)";
				SWIFT_VERSION = 5.0;
				TARGETED_DEVICE_FAMILY = 1;
			};
			name = Release;
		};
/* End XCBuildConfiguration section */

/* Begin XCConfigurationList section */
		4A37111E26D3C30100B1C687 /* Build configuration list for PBXProject "PinsoftAssignmentApp" */ = {
			isa = XCConfigurationList;
			buildConfigurations = (
				4A37113526D3C30200B1C687 /* Debug */,
				4A37113626D3C30200B1C687 /* Release */,
			);
			defaultConfigurationIsVisible = 0;
			defaultConfigurationName = Release;
		};
		4A37113726D3C30200B1C687 /* Build configuration list for PBXNativeTarget "PinsoftAssignmentApp" */ = {
			isa = XCConfigurationList;
			buildConfigurations = (
				4A37113826D3C30200B1C687 /* Debug */,
				4A37113926D3C30200B1C687 /* Release */,
			);
			defaultConfigurationIsVisible = 0;
			defaultConfigurationName = Release;
		};
/* End XCConfigurationList section */

/* Begin XCRemoteSwiftPackageReference section */
		4A37114526D3CC0400B1C687 /* XCRemoteSwiftPackageReference "Nuke" */ = {
			isa = XCRemoteSwiftPackageReference;
			repositoryURL = "https://github.com/kean/Nuke.git";
			requirement = {
				kind = upToNextMajorVersion;
				minimumVersion = 10.3.3;
			};
		};
		4A37114826D3CC1C00B1C687 /* XCRemoteSwiftPackageReference "Alamofire" */ = {
			isa = XCRemoteSwiftPackageReference;
			repositoryURL = "https://github.com/Alamofire/Alamofire.git";
			requirement = {
				kind = upToNextMajorVersion;
				minimumVersion = 5.4.3;
			};
		};
		4A37114B26D3CC2500B1C687 /* XCRemoteSwiftPackageReference "LBTATools" */ = {
			isa = XCRemoteSwiftPackageReference;
			repositoryURL = "https://github.com/bhlvoong/LBTATools.git";
			requirement = {
				kind = upToNextMajorVersion;
				minimumVersion = 1.0.17;
			};
		};
		4A85818C26D4574E001F1785 /* XCRemoteSwiftPackageReference "firebase-ios-sdk" */ = {
			isa = XCRemoteSwiftPackageReference;
			repositoryURL = "https://github.com/firebase/firebase-ios-sdk.git";
			requirement = {
				kind = upToNextMajorVersion;
				minimumVersion = 8.6.0;
			};
		};
/* End XCRemoteSwiftPackageReference section */

/* Begin XCSwiftPackageProductDependency section */
		4A37114626D3CC0400B1C687 /* Nuke */ = {
			isa = XCSwiftPackageProductDependency;
			package = 4A37114526D3CC0400B1C687 /* XCRemoteSwiftPackageReference "Nuke" */;
			productName = Nuke;
		};
		4A37114926D3CC1C00B1C687 /* Alamofire */ = {
			isa = XCSwiftPackageProductDependency;
			package = 4A37114826D3CC1C00B1C687 /* XCRemoteSwiftPackageReference "Alamofire" */;
			productName = Alamofire;
		};
		4A37114C26D3CC2500B1C687 /* LBTATools */ = {
			isa = XCSwiftPackageProductDependency;
			package = 4A37114B26D3CC2500B1C687 /* XCRemoteSwiftPackageReference "LBTATools" */;
			productName = LBTATools;
		};
		4A85818D26D4574E001F1785 /* FirebaseAnalytics */ = {
			isa = XCSwiftPackageProductDependency;
			package = 4A85818C26D4574E001F1785 /* XCRemoteSwiftPackageReference "firebase-ios-sdk" */;
			productName = FirebaseAnalytics;
		};
		4A85818F26D4574E001F1785 /* FirebaseMessaging */ = {
			isa = XCSwiftPackageProductDependency;
			package = 4A85818C26D4574E001F1785 /* XCRemoteSwiftPackageReference "firebase-ios-sdk" */;
			productName = FirebaseMessaging;
		};
/* End XCSwiftPackageProductDependency section */
	};
	rootObject = 4A37111B26D3C30100B1C687 /* Project object */;
}
